
Microsoft Visual Studio Solution File, Format Version 12.00
# Visual Studio Version 17
VisualStudioVersion = 17.6.33801.468
MinimumVisualStudioVersion = 10.0.40219.1
Project("{FAE04EC0-301F-11D3-BF4B-00C04F79EFBC}") = "realm-dotnet-7", "realm-dotnet-7.csproj", "{1029E598-4419-4475-8FDD-A50DF407FEDE}"
EndProject
Global
	GlobalSection(SolutionConfigurationPlatforms) = preSolution
		Debug|Any CPU = Debug|Any CPU
		Release|Any CPU = Release|Any CPU
	EndGlobalSection
	GlobalSection(ProjectConfigurationPlatforms) = postSolution
		{1029E598-4419-4475-8FDD-A50DF407FEDE}.Debug|Any CPU.ActiveCfg = Debug|Any CPU
		{1029E598-4419-4475-8FDD-A50DF407FEDE}.Debug|Any CPU.Build.0 = Debug|Any CPU
		{1029E598-4419-4475-8FDD-A50DF407FEDE}.Release|Any CPU.ActiveCfg = Release|Any CPU
		{1029E598-4419-4475-8FDD-A50DF407FEDE}.Release|Any CPU.Build.0 = Release|Any CPU
	EndGlobalSection
	GlobalSection(SolutionProperties) = preSolution
		HideSolutionNode = FALSE
	EndGlobalSection
	GlobalSection(ExtensibilityGlobals) = postSolution
		SolutionGuid = {C50C330C-DD55-4CC4-8DC6-D99935075D53}
	EndGlobalSection
EndGlobal
